
Microsoft Visual Studio Solution File, Format Version 12.00
# Visual Studio Version 16
VisualStudioVersion = 16.0.29102.190
MinimumVisualStudioVersion = 10.0.40219.1
Project("{FAE04EC0-301F-11D3-BF4B-00C04F79EFBC}") = "WorkingWithFileSystems", "WorkingWithFileSystems\WorkingWithFileSystems.csproj", "{3B9C4368-C144-474E-B448-0C8380B55389}"
EndProject
Project("{FAE04EC0-301F-11D3-BF4B-00C04F79EFBC}") = "WorkingWithStreams", "WorkingWithStreams\WorkingWithStreams.csproj", "{8C742F6E-5265-4B1D-BD52-60C4E6072ECB}"
EndProject
Project("{FAE04EC0-301F-11D3-BF4B-00C04F79EFBC}") = "WorkingWithEncoding", "WorkingWithEncoding\WorkingWithEncoding.csproj", "{F58F2E35-4B79-46F1-B987-15FF59E595CC}"
EndProject
Project("{FAE04EC0-301F-11D3-BF4B-00C04F79EFBC}") = "WorkingWithSerialization", "WorkingWithSerialization\WorkingWithSerialization.csproj", "{AF90AAE8-0860-4ED3-A9C3-AA58B7BE8294}"
EndProject
Global
	GlobalSection(SolutionConfigurationPlatforms) = preSolution
		Debug|Any CPU = Debug|Any CPU
		Release|Any CPU = Release|Any CPU
	EndGlobalSection
	GlobalSection(ProjectConfigurationPlatforms) = postSolution
		{3B9C4368-C144-474E-B448-0C8380B55389}.Debug|Any CPU.ActiveCfg = Debug|Any CPU
		{3B9C4368-C144-474E-B448-0C8380B55389}.Debug|Any CPU.Build.0 = Debug|Any CPU
		{3B9C4368-C144-474E-B448-0C8380B55389}.Release|Any CPU.ActiveCfg = Release|Any CPU
		{3B9C4368-C144-474E-B448-0C8380B55389}.Release|Any CPU.Build.0 = Release|Any CPU
		{8C742F6E-5265-4B1D-BD52-60C4E6072ECB}.Debug|Any CPU.ActiveCfg = Debug|Any CPU
		{8C742F6E-5265-4B1D-BD52-60C4E6072ECB}.Debug|Any CPU.Build.0 = Debug|Any CPU
		{8C742F6E-5265-4B1D-BD52-60C4E6072ECB}.Release|Any CPU.ActiveCfg = Release|Any CPU
		{8C742F6E-5265-4B1D-BD52-60C4E6072ECB}.Release|Any CPU.Build.0 = Release|Any CPU
		{F58F2E35-4B79-46F1-B987-15FF59E595CC}.Debug|Any CPU.ActiveCfg = Debug|Any CPU
		{F58F2E35-4B79-46F1-B987-15FF59E595CC}.Debug|Any CPU.Build.0 = Debug|Any CPU
		{F58F2E35-4B79-46F1-B987-15FF59E595CC}.Release|Any CPU.ActiveCfg = Release|Any CPU
		{F58F2E35-4B79-46F1-B987-15FF59E595CC}.Release|Any CPU.Build.0 = Release|Any CPU
		{AF90AAE8-0860-4ED3-A9C3-AA58B7BE8294}.Debug|Any CPU.ActiveCfg = Debug|Any CPU
		{AF90AAE8-0860-4ED3-A9C3-AA58B7BE8294}.Debug|Any CPU.Build.0 = Debug|Any CPU
		{AF90AAE8-0860-4ED3-A9C3-AA58B7BE8294}.Release|Any CPU.ActiveCfg = Release|Any CPU
		{AF90AAE8-0860-4ED3-A9C3-AA58B7BE8294}.Release|Any CPU.Build.0 = Release|Any CPU
	EndGlobalSection
	GlobalSection(SolutionProperties) = preSolution
		HideSolutionNode = FALSE
	EndGlobalSection
	GlobalSection(ExtensibilityGlobals) = postSolution
		SolutionGuid = {C22EDEAA-DA8E-43ED-A4A1-605010A9B0DD}
	EndGlobalSection
EndGlobal
